
Microsoft Visual Studio Solution File, Format Version 12.00
# Visual Studio Version 17
VisualStudioVersion = 17.11.35327.3
MinimumVisualStudioVersion = 10.0.40219.1
Project("{FAE04EC0-301F-11D3-BF4B-00C04F79EFBC}") = "SyncAsyncProccessConsoleApp", "SyncAsyncProccessConsoleApp\SyncAsyncProccessConsoleApp.csproj", "{342ED68D-160B-4061-B800-FD37E93C698A}"
EndProject
Global
	GlobalSection(SolutionConfigurationPlatforms) = preSolution
		Debug|Any CPU = Debug|Any CPU
		Release|Any CPU = Release|Any CPU
	EndGlobalSection
	GlobalSection(ProjectConfigurationPlatforms) = postSolution
		{342ED68D-160B-4061-B800-FD37E93C698A}.Debug|Any CPU.ActiveCfg = Debug|Any CPU
		{342ED68D-160B-4061-B800-FD37E93C698A}.Debug|Any CPU.Build.0 = Debug|Any CPU
		{342ED68D-160B-4061-B800-FD37E93C698A}.Release|Any CPU.ActiveCfg = Release|Any CPU
		{342ED68D-160B-4061-B800-FD37E93C698A}.Release|Any CPU.Build.0 = Release|Any CPU
	EndGlobalSection
	GlobalSection(SolutionProperties) = preSolution
		HideSolutionNode = FALSE
	EndGlobalSection
	GlobalSection(ExtensibilityGlobals) = postSolution
		SolutionGuid = {1258001F-0EE2-4632-B5A1-B9BEF370D79B}
	EndGlobalSection
EndGlobal
